
Microsoft Visual Studio Solution File, Format Version 12.00
# Visual Studio Version 16
VisualStudioVersion = 16.0.30114.105
MinimumVisualStudioVersion = 10.0.40219.1
Project("{FAE04EC0-301F-11D3-BF4B-00C04F79EFBC}") = "PhonebookDB_WEB_API", "PhonebookDB_WEB_API.csproj", "{E73C8443-8900-4387-BEA1-C3E695F2C497}"
EndProject
Global
	GlobalSection(SolutionConfigurationPlatforms) = preSolution
		Debug|Any CPU = Debug|Any CPU
		Release|Any CPU = Release|Any CPU
	EndGlobalSection
	GlobalSection(ProjectConfigurationPlatforms) = postSolution
		{E73C8443-8900-4387-BEA1-C3E695F2C497}.Debug|Any CPU.ActiveCfg = Debug|Any CPU
		{E73C8443-8900-4387-BEA1-C3E695F2C497}.Debug|Any CPU.Build.0 = Debug|Any CPU
		{E73C8443-8900-4387-BEA1-C3E695F2C497}.Release|Any CPU.ActiveCfg = Release|Any CPU
		{E73C8443-8900-4387-BEA1-C3E695F2C497}.Release|Any CPU.Build.0 = Release|Any CPU
	EndGlobalSection
	GlobalSection(SolutionProperties) = preSolution
		HideSolutionNode = FALSE
	EndGlobalSection
	GlobalSection(ExtensibilityGlobals) = postSolution
		SolutionGuid = {989FEDA1-0E83-4818-920B-DB58FD8D9678}
	EndGlobalSection
EndGlobal
